
Microsoft Visual Studio Solution File, Format Version 12.00
# Visual Studio 14
VisualStudioVersion = 14.0.25123.0
MinimumVisualStudioVersion = 10.0.40219.1
Project("{FAE04EC0-301F-11D3-BF4B-00C04F79EFBC}") = "SnackMashine", "WcfService1\SnackMashine.csproj", "{4089CF71-54B8-46AA-A4CB-41D72DD2835B}"
EndProject
Project("{2150E333-8FDC-42A3-9474-1A3956D46DE8}") = "Service", "Service", "{89C6FC21-93A3-4B1E-AF03-930F2A937B91}"
EndProject
Project("{FAE04EC0-301F-11D3-BF4B-00C04F79EFBC}") = "Snackmashine.web", "WebApplication1\Snackmashine.web.csproj", "{FEDCB940-912A-496E-894A-3E11D1120F43}"
EndProject
Global
	GlobalSection(SolutionConfigurationPlatforms) = preSolution
		Debug|Any CPU = Debug|Any CPU
		Release|Any CPU = Release|Any CPU
	EndGlobalSection
	GlobalSection(ProjectConfigurationPlatforms) = postSolution
		{4089CF71-54B8-46AA-A4CB-41D72DD2835B}.Debug|Any CPU.ActiveCfg = Debug|Any CPU
		{4089CF71-54B8-46AA-A4CB-41D72DD2835B}.Debug|Any CPU.Build.0 = Debug|Any CPU
		{4089CF71-54B8-46AA-A4CB-41D72DD2835B}.Release|Any CPU.ActiveCfg = Release|Any CPU
		{4089CF71-54B8-46AA-A4CB-41D72DD2835B}.Release|Any CPU.Build.0 = Release|Any CPU
		{FEDCB940-912A-496E-894A-3E11D1120F43}.Debug|Any CPU.ActiveCfg = Debug|Any CPU
		{FEDCB940-912A-496E-894A-3E11D1120F43}.Debug|Any CPU.Build.0 = Debug|Any CPU
		{FEDCB940-912A-496E-894A-3E11D1120F43}.Release|Any CPU.ActiveCfg = Release|Any CPU
		{FEDCB940-912A-496E-894A-3E11D1120F43}.Release|Any CPU.Build.0 = Release|Any CPU
	EndGlobalSection
	GlobalSection(SolutionProperties) = preSolution
		HideSolutionNode = FALSE
	EndGlobalSection
	GlobalSection(NestedProjects) = preSolution
		{4089CF71-54B8-46AA-A4CB-41D72DD2835B} = {89C6FC21-93A3-4B1E-AF03-930F2A937B91}
	EndGlobalSection
EndGlobal
